lockfileVersion: '6.0'

settings:
  autoInstallPeers: true
  excludeLinksFromLockfile: false

dependencies:
  '@faker-js/faker':
    specifier: ^8.1.0
    version: 8.1.0
  '@types/google.maps':
    specifier: ^3.54.4
    version: 3.54.4

packages:

  /@faker-js/faker@8.1.0:
    resolution: {integrity: sha512-38DT60rumHfBYynif3lmtxMqMqmsOQIxQgEuPZxCk2yUYN0eqWpTACgxi0VpidvsJB8CRxCpvP7B3anK85FjtQ==}
    engines: {node: ^14.17.0 || ^16.13.0 || >=18.0.0, npm: '>=6.14.13'}
    dev: false

  /@types/google.maps@3.54.4:
    resolution: {integrity: sha512-cUX4SOo5eN1Fotpcm6cH3//F8/UgXrs6/3OUkLYDkAizGo0AaecjBGCJMmY/n5XcMKogRFrqN/69JNKwCjBskg==}
    dev: false
